
Microsoft Visual Studio Solution File, Format Version 12.00
# Visual Studio Version 16
VisualStudioVersion = 16.0.29709.97
MinimumVisualStudioVersion = 10.0.40219.1
Project("{8BC9CEB8-8B4A-11D0-8D11-00A0C91BC942}") = "CodingTestPrac", "CodingTestPrac\CodingTestPrac.vcxproj", "{6AE167BA-1BD5-44B9-B842-FBADB54A2609}"
EndProject
Project("{8BC9CEB8-8B4A-11D0-8D11-00A0C91BC942}") = "LeetCode_Easy_ReverseInteger", "LeetCode_Easy_ReverseInteger\LeetCode_Easy_ReverseInteger.vcxproj", "{C2CC76E9-F774-4279-9C5C-BCF6E2EF7255}"
EndProject
Project("{8BC9CEB8-8B4A-11D0-8D11-00A0C91BC942}") = "BAEKJOON_problem_1717_Union-Find", "BAEKJOON_problem_1717_Union-Find\BAEKJOON_problem_1717_Union-Find.vcxproj", "{2DE95AE4-8EB7-4E6E-B681-DA12DADC9698}"
EndProject
Project("{8BC9CEB8-8B4A-11D0-8D11-00A0C91BC942}") = "LeetCode_Easy_PalindromeNumber", "LeetCode_Easy_PalindromeNumber\LeetCode_Easy_PalindromeNumber.vcxproj", "{39123C9E-8578-4D95-8DDE-47121D2ED5D7}"
EndProject
Project("{8BC9CEB8-8B4A-11D0-8D11-00A0C91BC942}") = "LeetCode_Easy_RomanToInteger", "LeetCode_Easy_RomanToInteger\LeetCode_Easy_RomanToInteger.vcxproj", "{F45756BA-2CD2-4DD0-8B84-C6851F72AF70}"
EndProject
Project("{8BC9CEB8-8B4A-11D0-8D11-00A0C91BC942}") = "LeetCode_Easy_Longest_Common_Prefix", "LeetCode_Easy_Longest_Common_Prefix\LeetCode_Easy_Longest_Common_Prefix.vcxproj", "{FB84D227-F346-453B-971C-97111D9930CE}"
EndProject
Project("{8BC9CEB8-8B4A-11D0-8D11-00A0C91BC942}") = "LeetCode_Easy_ValidParentheses", "LeetCode_Easy_ValidParentheses\LeetCode_Easy_ValidParentheses.vcxproj", "{14EE2227-AF96-4682-AA7D-1B5653350C0F}"
EndProject
Project("{8BC9CEB8-8B4A-11D0-8D11-00A0C91BC942}") = "LeetCode_Medium_Design_LinkedList", "LeetCode_Medium_Design_LinkedList\LeetCode_Medium_Design_LinkedList.vcxproj", "{04B27F6D-2F64-42DC-9B6C-2F0F0C821AB4}"
EndProject
Project("{8BC9CEB8-8B4A-11D0-8D11-00A0C91BC942}") = "LeetCode_Medium_ValidateIPAddress", "LeetCode_Medium_ValidateIPAddress\LeetCode_Medium_ValidateIPAddress.vcxproj", "{EEB4115E-A571-4561-88FF-0BDD0CD90F74}"
EndProject
Project("{8BC9CEB8-8B4A-11D0-8D11-00A0C91BC942}") = "LeetCode_Hard_TheSkylineProblem", "LeetCode_Hard_TheSkylineProblem\LeetCode_Hard_TheSkylineProblem.vcxproj", "{A87637A9-55B3-4A3B-8A39-6874D764E3F5}"
EndProject
Project("{8BC9CEB8-8B4A-11D0-8D11-00A0C91BC942}") = "LeetCode_Easy_LinkedListCycle", "LeetCode_Easy_LinkedListCycle\LeetCode_Easy_LinkedListCycle.vcxproj", "{B9078AF3-46F0-49FE-BEE6-A5D2490025DA}"
EndProject
Global
	GlobalSection(SolutionConfigurationPlatforms) = preSolution
		Debug|x64 = Debug|x64
		Debug|x86 = Debug|x86
		Release|x64 = Release|x64
		Release|x86 = Release|x86
	EndGlobalSection
	GlobalSection(ProjectConfigurationPlatforms) = postSolution
		{6AE167BA-1BD5-44B9-B842-FBADB54A2609}.Debug|x64.ActiveCfg = Debug|x64
		{6AE167BA-1BD5-44B9-B842-FBADB54A2609}.Debug|x64.Build.0 = Debug|x64
		{6AE167BA-1BD5-44B9-B842-FBADB54A2609}.Debug|x86.ActiveCfg = Debug|Win32
		{6AE167BA-1BD5-44B9-B842-FBADB54A2609}.Debug|x86.Build.0 = Debug|Win32
		{6AE167BA-1BD5-44B9-B842-FBADB54A2609}.Release|x64.ActiveCfg = Release|x64
		{6AE167BA-1BD5-44B9-B842-FBADB54A2609}.Release|x64.Build.0 = Release|x64
		{6AE167BA-1BD5-44B9-B842-FBADB54A2609}.Release|x86.ActiveCfg = Release|Win32
		{6AE167BA-1BD5-44B9-B842-FBADB54A2609}.Release|x86.Build.0 = Release|Win32
		{C2CC76E9-F774-4279-9C5C-BCF6E2EF7255}.Debug|x64.ActiveCfg = Debug|x64
		{C2CC76E9-F774-4279-9C5C-BCF6E2EF7255}.Debug|x64.Build.0 = Debug|x64
		{C2CC76E9-F774-4279-9C5C-BCF6E2EF7255}.Debug|x86.ActiveCfg = Debug|Win32
		{C2CC76E9-F774-4279-9C5C-BCF6E2EF7255}.Debug|x86.Build.0 = Debug|Win32
		{C2CC76E9-F774-4279-9C5C-BCF6E2EF7255}.Release|x64.ActiveCfg = Release|x64
		{C2CC76E9-F774-4279-9C5C-BCF6E2EF7255}.Release|x64.Build.0 = Release|x64
		{C2CC76E9-F774-4279-9C5C-BCF6E2EF7255}.Release|x86.ActiveCfg = Release|Win32
		{C2CC76E9-F774-4279-9C5C-BCF6E2EF7255}.Release|x86.Build.0 = Release|Win32
		{2DE95AE4-8EB7-4E6E-B681-DA12DADC9698}.Debug|x64.ActiveCfg = Debug|x64
		{2DE95AE4-8EB7-4E6E-B681-DA12DADC9698}.Debug|x64.Build.0 = Debug|x64
		{2DE95AE4-8EB7-4E6E-B681-DA12DADC9698}.Debug|x86.ActiveCfg = Debug|Win32
		{2DE95AE4-8EB7-4E6E-B681-DA12DADC9698}.Debug|x86.Build.0 = Debug|Win32
		{2DE95AE4-8EB7-4E6E-B681-DA12DADC9698}.Release|x64.ActiveCfg = Release|x64
		{2DE95AE4-8EB7-4E6E-B681-DA12DADC9698}.Release|x64.Build.0 = Release|x64
		{2DE95AE4-8EB7-4E6E-B681-DA12DADC9698}.Release|x86.ActiveCfg = Release|Win32
		{2DE95AE4-8EB7-4E6E-B681-DA12DADC9698}.Release|x86.Build.0 = Release|Win32
		{39123C9E-8578-4D95-8DDE-47121D2ED5D7}.Debug|x64.ActiveCfg = Debug|x64
		{39123C9E-8578-4D95-8DDE-47121D2ED5D7}.Debug|x64.Build.0 = Debug|x64
		{39123C9E-8578-4D95-8DDE-47121D2ED5D7}.Debug|x86.ActiveCfg = Debug|Win32
		{39123C9E-8578-4D95-8DDE-47121D2ED5D7}.Debug|x86.Build.0 = Debug|Win32
		{39123C9E-8578-4D95-8DDE-47121D2ED5D7}.Release|x64.ActiveCfg = Release|x64
		{39123C9E-8578-4D95-8DDE-47121D2ED5D7}.Release|x64.Build.0 = Release|x64
		{39123C9E-8578-4D95-8DDE-47121D2ED5D7}.Release|x86.ActiveCfg = Release|Win32
		{39123C9E-8578-4D95-8DDE-47121D2ED5D7}.Release|x86.Build.0 = Release|Win32
		{F45756BA-2CD2-4DD0-8B84-C6851F72AF70}.Debug|x64.ActiveCfg = Debug|x64
		{F45756BA-2CD2-4DD0-8B84-C6851F72AF70}.Debug|x64.Build.0 = Debug|x64
		{F45756BA-2CD2-4DD0-8B84-C6851F72AF70}.Debug|x86.ActiveCfg = Debug|Win32
		{F45756BA-2CD2-4DD0-8B84-C6851F72AF70}.Debug|x86.Build.0 = Debug|Win32
		{F45756BA-2CD2-4DD0-8B84-C6851F72AF70}.Release|x64.ActiveCfg = Release|x64
		{F45756BA-2CD2-4DD0-8B84-C6851F72AF70}.Release|x64.Build.0 = Release|x64
		{F45756BA-2CD2-4DD0-8B84-C6851F72AF70}.Release|x86.ActiveCfg = Release|Win32
		{F45756BA-2CD2-4DD0-8B84-C6851F72AF70}.Release|x86.Build.0 = Release|Win32
		{FB84D227-F346-453B-971C-97111D9930CE}.Debug|x64.ActiveCfg = Debug|x64
		{FB84D227-F346-453B-971C-97111D9930CE}.Debug|x64.Build.0 = Debug|x64
		{FB84D227-F346-453B-971C-97111D9930CE}.Debug|x86.ActiveCfg = Debug|Win32
		{FB84D227-F346-453B-971C-97111D9930CE}.Debug|x86.Build.0 = Debug|Win32
		{FB84D227-F346-453B-971C-97111D9930CE}.Release|x64.ActiveCfg = Release|x64
		{FB84D227-F346-453B-971C-97111D9930CE}.Release|x64.Build.0 = Release|x64
		{FB84D227-F346-453B-971C-97111D9930CE}.Release|x86.ActiveCfg = Release|Win32
		{FB84D227-F346-453B-971C-97111D9930CE}.Release|x86.Build.0 = Release|Win32
		{14EE2227-AF96-4682-AA7D-1B5653350C0F}.Debug|x64.ActiveCfg = Debug|x64
		{14EE2227-AF96-4682-AA7D-1B5653350C0F}.Debug|x64.Build.0 = Debug|x64
		{14EE2227-AF96-4682-AA7D-1B5653350C0F}.Debug|x86.ActiveCfg = Debug|Win32
		{14EE2227-AF96-4682-AA7D-1B5653350C0F}.Debug|x86.Build.0 = Debug|Win32
		{14EE2227-AF96-4682-AA7D-1B5653350C0F}.Release|x64.ActiveCfg = Release|x64
		{14EE2227-AF96-4682-AA7D-1B5653350C0F}.Release|x64.Build.0 = Release|x64
		{14EE2227-AF96-4682-AA7D-1B5653350C0F}.Release|x86.ActiveCfg = Release|Win32
		{14EE2227-AF96-4682-AA7D-1B5653350C0F}.Release|x86.Build.0 = Release|Win32
		{04B27F6D-2F64-42DC-9B6C-2F0F0C821AB4}.Debug|x64.ActiveCfg = Debug|x64
		{04B27F6D-2F64-42DC-9B6C-2F0F0C821AB4}.Debug|x64.Build.0 = Debug|x64
		{04B27F6D-2F64-42DC-9B6C-2F0F0C821AB4}.Debug|x86.ActiveCfg = Debug|Win32
		{04B27F6D-2F64-42DC-9B6C-2F0F0C821AB4}.Debug|x86.Build.0 = Debug|Win32
		{04B27F6D-2F64-42DC-9B6C-2F0F0C821AB4}.Release|x64.ActiveCfg = Release|x64
		{04B27F6D-2F64-42DC-9B6C-2F0F0C821AB4}.Release|x64.Build.0 = Release|x64
		{04B27F6D-2F64-42DC-9B6C-2F0F0C821AB4}.Release|x86.ActiveCfg = Release|Win32
		{04B27F6D-2F64-42DC-9B6C-2F0F0C821AB4}.Release|x86.Build.0 = Release|Win32
		{EEB4115E-A571-4561-88FF-0BDD0CD90F74}.Debug|x64.ActiveCfg = Debug|x64
		{EEB4115E-A571-4561-88FF-0BDD0CD90F74}.Debug|x64.Build.0 = Debug|x64
		{EEB4115E-A571-4561-88FF-0BDD0CD90F74}.Debug|x86.ActiveCfg = Debug|Win32
		{EEB4115E-A571-4561-88FF-0BDD0CD90F74}.Debug|x86.Build.0 = Debug|Win32
		{EEB4115E-A571-4561-88FF-0BDD0CD90F74}.Release|x64.ActiveCfg = Release|x64
		{EEB4115E-A571-4561-88FF-0BDD0CD90F74}.Release|x64.Build.0 = Release|x64
		{EEB4115E-A571-4561-88FF-0BDD0CD90F74}.Release|x86.ActiveCfg = Release|Win32
		{EEB4115E-A571-4561-88FF-0BDD0CD90F74}.Release|x86.Build.0 = Release|Win32
		{A87637A9-55B3-4A3B-8A39-6874D764E3F5}.Debug|x64.ActiveCfg = Debug|x64
		{A87637A9-55B3-4A3B-8A39-6874D764E3F5}.Debug|x64.Build.0 = Debug|x64
		{A87637A9-55B3-4A3B-8A39-6874D764E3F5}.Debug|x86.ActiveCfg = Debug|Win32
		{A87637A9-55B3-4A3B-8A39-6874D764E3F5}.Debug|x86.Build.0 = Debug|Win32
		{A87637A9-55B3-4A3B-8A39-6874D764E3F5}.Release|x64.ActiveCfg = Release|x64
		{A87637A9-55B3-4A3B-8A39-6874D764E3F5}.Release|x64.Build.0 = Release|x64
		{A87637A9-55B3-4A3B-8A39-6874D764E3F5}.Release|x86.ActiveCfg = Release|Win32
		{A87637A9-55B3-4A3B-8A39-6874D764E3F5}.Release|x86.Build.0 = Release|Win32
		{B9078AF3-46F0-49FE-BEE6-A5D2490025DA}.Debug|x64.ActiveCfg = Debug|x64
		{B9078AF3-46F0-49FE-BEE6-A5D2490025DA}.Debug|x64.Build.0 = Debug|x64
		{B9078AF3-46F0-49FE-BEE6-A5D2490025DA}.Debug|x86.ActiveCfg = Debug|Win32
		{B9078AF3-46F0-49FE-BEE6-A5D2490025DA}.Debug|x86.Build.0 = Debug|Win32
		{B9078AF3-46F0-49FE-BEE6-A5D2490025DA}.Release|x64.ActiveCfg = Release|x64
		{B9078AF3-46F0-49FE-BEE6-A5D2490025DA}.Release|x64.Build.0 = Release|x64
		{B9078AF3-46F0-49FE-BEE6-A5D2490025DA}.Release|x86.ActiveCfg = Release|Win32
		{B9078AF3-46F0-49FE-BEE6-A5D2490025DA}.Release|x86.Build.0 = Release|Win32
	EndGlobalSection
	GlobalSection(SolutionProperties) = preSolution
		HideSolutionNode = FALSE
	EndGlobalSection
	GlobalSection(ExtensibilityGlobals) = postSolution
		SolutionGuid = {65BE78AB-A210-48EE-82A0-2A8D793BE104}
	EndGlobalSection
EndGlobal
